
Microsoft Visual Studio Solution File, Format Version 12.00
# Visual Studio Version 16
VisualStudioVersion = 16.0.31624.102
MinimumVisualStudioVersion = 10.0.40219.1
Project("{FAE04EC0-301F-11D3-BF4B-00C04F79EFBC}") = "Methods", "Methods\Methods.csproj", "{6C79F303-2804-4E07-B8E9-EDB5D672751C}"
EndProject
Global
	GlobalSection(SolutionConfigurationPlatforms) = preSolution
		Debug|Any CPU = Debug|Any CPU
		Release|Any CPU = Release|Any CPU
	EndGlobalSection
	GlobalSection(ProjectConfigurationPlatforms) = postSolution
		{6C79F303-2804-4E07-B8E9-EDB5D672751C}.Debug|Any CPU.ActiveCfg = Debug|Any CPU
		{6C79F303-2804-4E07-B8E9-EDB5D672751C}.Debug|Any CPU.Build.0 = Debug|Any CPU
		{6C79F303-2804-4E07-B8E9-EDB5D672751C}.Release|Any CPU.ActiveCfg = Release|Any CPU
		{6C79F303-2804-4E07-B8E9-EDB5D672751C}.Release|Any CPU.Build.0 = Release|Any CPU
	EndGlobalSection
	GlobalSection(SolutionProperties) = preSolution
		HideSolutionNode = FALSE
	EndGlobalSection
	GlobalSection(ExtensibilityGlobals) = postSolution
		SolutionGuid = {E5F30038-D8A3-4506-8817-B8705E82C95A}
	EndGlobalSection
EndGlobal
